{
  "nodes": {
    "home-manager": {
      "inputs": {
        "nixpkgs": [
          "nixpkgs"
        ],
        "utils": "utils"
      },
      "locked": {
        "lastModified": 1681162249,
        "narHash": "sha256-jh5fLaTxR5XowXA0CN/1Gs2qbvVdmdPCSeO424XWZLI=",
        "owner": "nix-community",
        "repo": "home-manager",
        "rev": "4e79c6a414ce59fd1a53ab77899c77ab87774e6b",
        "type": "github"
      },
      "original": {
        "owner": "nix-community",
        "repo": "home-manager",
        "type": "github"
      }
    },
    "nbfc-linux": {
      "inputs": {
        "nixpkgs": [
          "nixpkgs"
        ],
        "utils": "utils_2"
      },
      "locked": {
        "lastModified": 1679158551,
        "narHash": "sha256-vZgJ0ONzR4Vf3tZaAl00HzcqpLHEhf9bpSdL7nf1SJ0=",
        "owner": "nbfc-linux",
        "repo": "nbfc-linux",
        "rev": "9cac7394c58cf6c20dafe28daae170d5cbea80fc",
        "type": "github"
      },
      "original": {
        "owner": "nbfc-linux",
        "repo": "nbfc-linux",
        "type": "github"
      }
    },
    "nixpkgs": {
      "locked": {
        "lastModified": 1681126633,
        "narHash": "sha256-evQ3Ct/yJDSHej16Hiq+JfxRjgm9FXu/2LBxsyorGdE=",
        "owner": "nixos",
        "repo": "nixpkgs",
        "rev": "db24d86dd8a4769c50d6b7295e81aa280cd93f35",
        "type": "github"
      },
      "original": {
        "owner": "nixos",
        "ref": "nixos-unstable",
        "repo": "nixpkgs",
        "type": "github"
      }
    },
    "nur": {
      "locked": {
        "lastModified": 1681230810,
        "narHash": "sha256-02bupTiYk8NPmM0nr4cwUqbQi1r3rUeWh3/7fbAmSUI=",
        "owner": "nix-community",
        "repo": "NUR",
        "rev": "c55a50325629df16f1cac586e9839851741ffa84",
        "type": "github"
      },
      "original": {
        "owner": "nix-community",
        "repo": "NUR",
        "type": "github"
      }
    },
    "root": {
      "inputs": {
        "home-manager": "home-manager",
        "nbfc-linux": "nbfc-linux",
        "nixpkgs": "nixpkgs",
        "nur": "nur"
      }
    },
    "utils": {
      "locked": {
        "lastModified": 1678901627,
        "narHash": "sha256-U02riOqrKKzwjsxc/400XnElV+UtPUQWpANPlyazjH0=",
        "owner": "numtide",
        "repo": "flake-utils",
        "rev": "93a2b84fc4b70d9e089d029deacc3583435c2ed6",
        "type": "github"
      },
      "original": {
        "owner": "numtide",
        "repo": "flake-utils",
        "type": "github"
      }
    },
    "utils_2": {
      "locked": {
        "lastModified": 1623875721,
        "narHash": "sha256-A8BU7bjS5GirpAUv4QA+QnJ4CceLHkcXdRp4xITDB0s=",
        "owner": "numtide",
        "repo": "flake-utils",
        "rev": "f7e004a55b120c02ecb6219596820fcd32ca8772",
        "type": "github"
      },
      "original": {
        "owner": "numtide",
        "repo": "flake-utils",
        "type": "github"
      }
    }
  },
  "root": "root",
  "version": 7
}
